
Microsoft Visual Studio Solution File, Format Version 12.00
# Visual Studio 15
VisualStudioVersion = 15.0.28307.438
MinimumVisualStudioVersion = 10.0.40219.1
Project("{FAE04EC0-301F-11D3-BF4B-00C04F79EFBC}") = "Program1", "Program1\Program1.csproj", "{6630F2A3-A921-4FA7-92EF-80F9EAFC110B}"
EndProject
Global
	GlobalSection(SolutionConfigurationPlatforms) = preSolution
		Debug|Any CPU = Debug|Any CPU
		Release|Any CPU = Release|Any CPU
	EndGlobalSection
	GlobalSection(ProjectConfigurationPlatforms) = postSolution
		{6630F2A3-A921-4FA7-92EF-80F9EAFC110B}.Debug|Any CPU.ActiveCfg = Debug|Any CPU
		{6630F2A3-A921-4FA7-92EF-80F9EAFC110B}.Debug|Any CPU.Build.0 = Debug|Any CPU
		{6630F2A3-A921-4FA7-92EF-80F9EAFC110B}.Release|Any CPU.ActiveCfg = Release|Any CPU
		{6630F2A3-A921-4FA7-92EF-80F9EAFC110B}.Release|Any CPU.Build.0 = Release|Any CPU
	EndGlobalSection
	GlobalSection(SolutionProperties) = preSolution
		HideSolutionNode = FALSE
	EndGlobalSection
	GlobalSection(ExtensibilityGlobals) = postSolution
		SolutionGuid = {B43430A7-E6E9-4887-B211-922A8D843833}
	EndGlobalSection
EndGlobal
